
Microsoft Visual Studio Solution File, Format Version 12.00
# Visual Studio Version 17
VisualStudioVersion = 17.14.36310.24
MinimumVisualStudioVersion = 10.0.40219.1
Project("{FAE04EC0-301F-11D3-BF4B-00C04F79EFBC}") = "POSSystem.UI", "POSSystem.UI\POSSystem.UI.csproj", "{BC60E448-5037-49C2-A489-4EAE366A5511}"
EndProject
Project("{FAE04EC0-301F-11D3-BF4B-00C04F79EFBC}") = "POSSystem.Domain", "POSSystem.Domain\POSSystem.Domain.csproj", "{D43DA30C-71D9-4479-BA97-7FDC3F19C886}"
EndProject
Project("{FAE04EC0-301F-11D3-BF4B-00C04F79EFBC}") = "POSSystem.Application", "POSSystem.Application\POSSystem.Application.csproj", "{A2BBB207-2116-41DD-BDA7-E8036B34DF0D}"
EndProject
Project("{FAE04EC0-301F-11D3-BF4B-00C04F79EFBC}") = "POSSystem.Common", "POSSystem.Common\POSSystem.Common.csproj", "{2E3955DD-2497-44FC-A020-1F6863612399}"
EndProject
Project("{FAE04EC0-301F-11D3-BF4B-00C04F79EFBC}") = "POSSystem.Infrastructure", "POSSystem.Infrastructure\POSSystem.Infrastructure.csproj", "{C4CA9DEB-4980-4B14-9D5C-33C994069091}"
EndProject
Global
	GlobalSection(SolutionConfigurationPlatforms) = preSolution
		Debug|Any CPU = Debug|Any CPU
		Release|Any CPU = Release|Any CPU
	EndGlobalSection
	GlobalSection(ProjectConfigurationPlatforms) = postSolution
		{BC60E448-5037-49C2-A489-4EAE366A5511}.Debug|Any CPU.ActiveCfg = Debug|Any CPU
		{BC60E448-5037-49C2-A489-4EAE366A5511}.Debug|Any CPU.Build.0 = Debug|Any CPU
		{BC60E448-5037-49C2-A489-4EAE366A5511}.Release|Any CPU.ActiveCfg = Release|Any CPU
		{BC60E448-5037-49C2-A489-4EAE366A5511}.Release|Any CPU.Build.0 = Release|Any CPU
		{D43DA30C-71D9-4479-BA97-7FDC3F19C886}.Debug|Any CPU.ActiveCfg = Debug|Any CPU
		{D43DA30C-71D9-4479-BA97-7FDC3F19C886}.Debug|Any CPU.Build.0 = Debug|Any CPU
		{D43DA30C-71D9-4479-BA97-7FDC3F19C886}.Release|Any CPU.ActiveCfg = Release|Any CPU
		{D43DA30C-71D9-4479-BA97-7FDC3F19C886}.Release|Any CPU.Build.0 = Release|Any CPU
		{A2BBB207-2116-41DD-BDA7-E8036B34DF0D}.Debug|Any CPU.ActiveCfg = Debug|Any CPU
		{A2BBB207-2116-41DD-BDA7-E8036B34DF0D}.Debug|Any CPU.Build.0 = Debug|Any CPU
		{A2BBB207-2116-41DD-BDA7-E8036B34DF0D}.Release|Any CPU.ActiveCfg = Release|Any CPU
		{A2BBB207-2116-41DD-BDA7-E8036B34DF0D}.Release|Any CPU.Build.0 = Release|Any CPU
		{2E3955DD-2497-44FC-A020-1F6863612399}.Debug|Any CPU.ActiveCfg = Debug|Any CPU
		{2E3955DD-2497-44FC-A020-1F6863612399}.Debug|Any CPU.Build.0 = Debug|Any CPU
		{2E3955DD-2497-44FC-A020-1F6863612399}.Release|Any CPU.ActiveCfg = Release|Any CPU
		{2E3955DD-2497-44FC-A020-1F6863612399}.Release|Any CPU.Build.0 = Release|Any CPU
		{C4CA9DEB-4980-4B14-9D5C-33C994069091}.Debug|Any CPU.ActiveCfg = Debug|Any CPU
		{C4CA9DEB-4980-4B14-9D5C-33C994069091}.Debug|Any CPU.Build.0 = Debug|Any CPU
		{C4CA9DEB-4980-4B14-9D5C-33C994069091}.Release|Any CPU.ActiveCfg = Release|Any CPU
		{C4CA9DEB-4980-4B14-9D5C-33C994069091}.Release|Any CPU.Build.0 = Release|Any CPU
	EndGlobalSection
	GlobalSection(SolutionProperties) = preSolution
		HideSolutionNode = FALSE
	EndGlobalSection
	GlobalSection(ExtensibilityGlobals) = postSolution
		SolutionGuid = {AAC334DB-49FF-4478-B0B1-54813BE03193}
	EndGlobalSection
EndGlobal
